Microsoft Visual Studio Solution File, Format Version 12.00
# Visual Studio 15
VisualStudioVersion = 15.0.28010.2036
MinimumVisualStudioVersion = 10.0.40219.1
Project("{FAE04EC0-301F-11D3-BF4B-00C04F79EFBC}") = "OLAF.Base", "OLAF.Base\OLAF.Base.csproj", "{8D448B26-D206-48C8-B17F-A31133C25665}"
EndProject
Project("{FAE04EC0-301F-11D3-BF4B-00C04F79EFBC}") = "OLAF.Loggers.Serilog", "Loggers\OLAF.Loggers.Serilog\OLAF.Loggers.Serilog.csproj", "{81A43067-E9CF-4CAB-BB84-13AC75D85240}"
EndProject
Project("{FAE04EC0-301F-11D3-BF4B-00C04F79EFBC}") = "OLAF.Interfaces.CLI", "Interfaces\OLAF.Interfaces.CLI\OLAF.Interfaces.CLI.csproj", "{8C8EF527-DC14-48CE-9423-4CD3665A3DE8}"
EndProject
Project("{FAE04EC0-301F-11D3-BF4B-00C04F79EFBC}") = "OLAF.ActivityDetectors.Windows.FileActivityHook", "ActivityDetectors\OLAF.ActivityDetectors.Windows.FileActivityHook\OLAF.ActivityDetectors.Windows.FileActivityHook.csproj", "{43D2571F-D4A3-4D24-BAD7-5B7DA42B6293}"
EndProject
Project("{FAE04EC0-301F-11D3-BF4B-00C04F79EFBC}") = "OLAF.Monitors.Windows.AppHook", "Monitors\OLAF.Monitors.Windows.AppHook\OLAF.Monitors.Windows.AppHook.csproj", "{1539ECC4-464C-4B5C-86DC-1039EF4F9547}"
EndProject
Project("{FAE04EC0-301F-11D3-BF4B-00C04F79EFBC}") = "OLAF.Monitors.FileSystemWatcher", "Monitors\OLAF.Monitors.FileSystemWatcher\OLAF.Monitors.FileSystemWatcher.csproj", "{DBA4C2FE-6C57-4C11-8446-591DA0A594EB}"
EndProject
Project("{2150E333-8FDC-42A3-9474-1A3956D46DE8}") = "Loggers", "Loggers", "{D6D3BF19-4E46-4BE1-802E-2B0D3FFE4F83}"
EndProject
Project("{2150E333-8FDC-42A3-9474-1A3956D46DE8}") = "Docs", "Docs", "{8B93A94A-A06D-4EE6-A744-33FA6D49A055}"
	ProjectSection(SolutionItems) = preProject
		NOTES.txt = NOTES.txt
	EndProjectSection
EndProject
Project("{2150E333-8FDC-42A3-9474-1A3956D46DE8}") = "ActivityDetectors", "ActivityDetectors", "{D5613E65-04C8-40E1-8A61-E531895E0B00}"
EndProject
Project("{2150E333-8FDC-42A3-9474-1A3956D46DE8}") = "Interfaces", "Interfaces", "{06C5F404-B60C-488C-BCDD-7AE145E28E5F}"
EndProject
Project("{2150E333-8FDC-42A3-9474-1A3956D46DE8}") = "Monitors", "Monitors", "{E0CF0C19-3462-42A6-98FE-21330428CBC2}"
EndProject
Global
	GlobalSection(SolutionConfigurationPlatforms) = preSolution
		Debug|x64 = Debug|x64
		Debug|x86 = Debug|x86
		Release|x64 = Release|x64
		Release|x86 = Release|x86
	EndGlobalSection
	GlobalSection(ProjectConfigurationPlatforms) = postSolution
		{8D448B26-D206-48C8-B17F-A31133C25665}.Debug|x64.ActiveCfg = Debug|x64
		{8D448B26-D206-48C8-B17F-A31133C25665}.Debug|x64.Build.0 = Debug|x64
		{8D448B26-D206-48C8-B17F-A31133C25665}.Debug|x86.ActiveCfg = Debug|x86
		{8D448B26-D206-48C8-B17F-A31133C25665}.Debug|x86.Build.0 = Debug|x86
		{8D448B26-D206-48C8-B17F-A31133C25665}.Release|x64.ActiveCfg = Release|x64
		{8D448B26-D206-48C8-B17F-A31133C25665}.Release|x64.Build.0 = Release|x64
		{8D448B26-D206-48C8-B17F-A31133C25665}.Release|x86.ActiveCfg = Release|x86
		{8D448B26-D206-48C8-B17F-A31133C25665}.Release|x86.Build.0 = Release|x86
		{81A43067-E9CF-4CAB-BB84-13AC75D85240}.Debug|x64.ActiveCfg = Debug|x64
		{81A43067-E9CF-4CAB-BB84-13AC75D85240}.Debug|x64.Build.0 = Debug|x64
		{81A43067-E9CF-4CAB-BB84-13AC75D85240}.Debug|x86.ActiveCfg = Debug|x86
		{81A43067-E9CF-4CAB-BB84-13AC75D85240}.Debug|x86.Build.0 = Debug|x86
		{81A43067-E9CF-4CAB-BB84-13AC75D85240}.Release|x64.ActiveCfg = Release|x64
		{81A43067-E9CF-4CAB-BB84-13AC75D85240}.Release|x64.Build.0 = Release|x64
		{81A43067-E9CF-4CAB-BB84-13AC75D85240}.Release|x86.ActiveCfg = Release|x86
		{81A43067-E9CF-4CAB-BB84-13AC75D85240}.Release|x86.Build.0 = Release|x86
		{8C8EF527-DC14-48CE-9423-4CD3665A3DE8}.Debug|x64.ActiveCfg = Debug|x64
		{8C8EF527-DC14-48CE-9423-4CD3665A3DE8}.Debug|x64.Build.0 = Debug|x64
		{8C8EF527-DC14-48CE-9423-4CD3665A3DE8}.Debug|x86.ActiveCfg = Debug|x86
		{8C8EF527-DC14-48CE-9423-4CD3665A3DE8}.Debug|x86.Build.0 = Debug|x86
		{8C8EF527-DC14-48CE-9423-4CD3665A3DE8}.Release|x64.ActiveCfg = Release|x64
		{8C8EF527-DC14-48CE-9423-4CD3665A3DE8}.Release|x64.Build.0 = Release|x64
		{8C8EF527-DC14-48CE-9423-4CD3665A3DE8}.Release|x86.ActiveCfg = Release|x86
		{8C8EF527-DC14-48CE-9423-4CD3665A3DE8}.Release|x86.Build.0 = Release|x86
		{43D2571F-D4A3-4D24-BAD7-5B7DA42B6293}.Debug|x64.ActiveCfg = Debug|x64
		{43D2571F-D4A3-4D24-BAD7-5B7DA42B6293}.Debug|x64.Build.0 = Debug|x64
		{43D2571F-D4A3-4D24-BAD7-5B7DA42B6293}.Debug|x86.ActiveCfg = Debug|x86
		{43D2571F-D4A3-4D24-BAD7-5B7DA42B6293}.Debug|x86.Build.0 = Debug|x86
		{43D2571F-D4A3-4D24-BAD7-5B7DA42B6293}.Release|x64.ActiveCfg = Release|x64
		{43D2571F-D4A3-4D24-BAD7-5B7DA42B6293}.Release|x64.Build.0 = Release|x64
		{43D2571F-D4A3-4D24-BAD7-5B7DA42B6293}.Release|x86.ActiveCfg = Release|x86
		{43D2571F-D4A3-4D24-BAD7-5B7DA42B6293}.Release|x86.Build.0 = Release|x86
		{1539ECC4-464C-4B5C-86DC-1039EF4F9547}.Debug|x64.ActiveCfg = Debug|x64
		{1539ECC4-464C-4B5C-86DC-1039EF4F9547}.Debug|x64.Build.0 = Debug|x64
		{1539ECC4-464C-4B5C-86DC-1039EF4F9547}.Debug|x86.ActiveCfg = Debug|x86
		{1539ECC4-464C-4B5C-86DC-1039EF4F9547}.Debug|x86.Build.0 = Debug|x86
		{1539ECC4-464C-4B5C-86DC-1039EF4F9547}.Release|x64.ActiveCfg = Release|x64
		{1539ECC4-464C-4B5C-86DC-1039EF4F9547}.Release|x64.Build.0 = Release|x64
		{1539ECC4-464C-4B5C-86DC-1039EF4F9547}.Release|x86.ActiveCfg = Release|x86
		{1539ECC4-464C-4B5C-86DC-1039EF4F9547}.Release|x86.Build.0 = Release|x86
		{DBA4C2FE-6C57-4C11-8446-591DA0A594EB}.Debug|x64.ActiveCfg = Debug|x64
		{DBA4C2FE-6C57-4C11-8446-591DA0A594EB}.Debug|x64.Build.0 = Debug|x64
		{DBA4C2FE-6C57-4C11-8446-591DA0A594EB}.Debug|x86.ActiveCfg = Debug|x86
		{DBA4C2FE-6C57-4C11-8446-591DA0A594EB}.Debug|x86.Build.0 = Debug|x86
		{DBA4C2FE-6C57-4C11-8446-591DA0A594EB}.Release|x64.ActiveCfg = Release|x64
		{DBA4C2FE-6C57-4C11-8446-591DA0A594EB}.Release|x64.Build.0 = Release|x64
		{DBA4C2FE-6C57-4C11-8446-591DA0A594EB}.Release|x86.ActiveCfg = Release|x86
		{DBA4C2FE-6C57-4C11-8446-591DA0A594EB}.Release|x86.Build.0 = Release|x86
	EndGlobalSection
	GlobalSection(SolutionProperties) = preSolution
		HideSolutionNode = FALSE
	EndGlobalSection
	GlobalSection(NestedProjects) = preSolution
		{81A43067-E9CF-4CAB-BB84-13AC75D85240} = {D6D3BF19-4E46-4BE1-802E-2B0D3FFE4F83}
		{8C8EF527-DC14-48CE-9423-4CD3665A3DE8} = {06C5F404-B60C-488C-BCDD-7AE145E28E5F}
		{43D2571F-D4A3-4D24-BAD7-5B7DA42B6293} = {D5613E65-04C8-40E1-8A61-E531895E0B00}
		{1539ECC4-464C-4B5C-86DC-1039EF4F9547} = {E0CF0C19-3462-42A6-98FE-21330428CBC2}
		{DBA4C2FE-6C57-4C11-8446-591DA0A594EB} = {E0CF0C19-3462-42A6-98FE-21330428CBC2}
	EndGlobalSection
	GlobalSection(ExtensibilityGlobals) = postSolution
		SolutionGuid = {6AF7C0FB-8348-44E7-A1BF-AB0846441F39}
	EndGlobalSection
EndGlobal
