Microsoft Visual Studio Solution File, Format Version 12.00
# Visual Studio 15
VisualStudioVersion = 15.0.28010.2036
MinimumVisualStudioVersion = 10.0.40219.1
Project("{FAE04EC0-301F-11D3-BF4B-00C04F79EFBC}") = "OLAF.Base", "OLAF.Base\OLAF.Base.csproj", "{8D448B26-D206-48C8-B17F-A31133C25665}"
EndProject
Project("{FAE04EC0-301F-11D3-BF4B-00C04F79EFBC}") = "OLAF.Loggers.Serilog", "Loggers\OLAF.Loggers.Serilog\OLAF.Loggers.Serilog.csproj", "{81A43067-E9CF-4CAB-BB84-13AC75D85240}"
EndProject
Project("{FAE04EC0-301F-11D3-BF4B-00C04F79EFBC}") = "OLAF.Interfaces.CLI", "Interfaces\OLAF.Interfaces.CLI\OLAF.Interfaces.CLI.csproj", "{8C8EF527-DC14-48CE-9423-4CD3665A3DE8}"
EndProject
Project("{FAE04EC0-301F-11D3-BF4B-00C04F79EFBC}") = "OLAF.ActivityDetectors.Windows.FileActivityHook", "ActivityDetectors\OLAF.ActivityDetectors.Windows.FileActivityHook\OLAF.ActivityDetectors.Windows.FileActivityHook.csproj", "{43D2571F-D4A3-4D24-BAD7-5B7DA42B6293}"
EndProject
Project("{FAE04EC0-301F-11D3-BF4B-00C04F79EFBC}") = "OLAF.ActivityDetectors.FileSystem", "ActivityDetectors\OLAF.ActivityDetectors.FileSystem\OLAF.ActivityDetectors.FileSystem.csproj", "{7AA345D8-730F-4DD2-BA79-D63EFE3131CD}"
EndProject
Project("{FAE04EC0-301F-11D3-BF4B-00C04F79EFBC}") = "OLAF.Monitors.Windows.AppWindow", "Monitors\OLAF.Monitors.Windows.AppWindow\OLAF.Monitors.Windows.AppWindow.csproj", "{F623FD8C-A3F4-4999-86E2-57288F20E7B9}"
EndProject
Project("{FAE04EC0-301F-11D3-BF4B-00C04F79EFBC}") = "OLAF.ActivityDetectors.Windows.AppWindow", "ActivityDetectors\OLAF.ActivityDetectors.Windows.AppWindow\OLAF.ActivityDetectors.Windows.AppWindow.csproj", "{A9208B2C-532A-4C40-925D-4EFCEA272E07}"
EndProject
Project("{FAE04EC0-301F-11D3-BF4B-00C04F79EFBC}") = "OLAF.Monitors.Windows.AppHook", "Monitors\OLAF.Monitors.Windows.AppHook\OLAF.Monitors.Windows.AppHook.csproj", "{1539ECC4-464C-4B5C-86DC-1039EF4F9547}"
EndProject
Project("{FAE04EC0-301F-11D3-BF4B-00C04F79EFBC}") = "OLAF.Monitors.DirectoryChanges", "Monitors\OLAF.Monitors.DirectoryChanges\OLAF.Monitors.DirectoryChanges.csproj", "{DBA4C2FE-6C57-4C11-8446-591DA0A594EB}"
EndProject
Project("{FAE04EC0-301F-11D3-BF4B-00C04F79EFBC}") = "OLAF.Services.Storage.AzureStorage", "Services\Storage\OLAF.Services.Storage.AzureBlobStorage\OLAF.Services.Storage.AzureStorage.csproj", "{18FF34D6-91E0-48CA-BA91-156D90825444}"
	ProjectSection(ProjectDependencies) = postProject
		{040FCE51-AA78-40B9-9639-9B8C7F469827} = {040FCE51-AA78-40B9-9639-9B8C7F469827}
	EndProjectSection
EndProject
Project("{FAE04EC0-301F-11D3-BF4B-00C04F79EFBC}") = "OLAF.Services.Classifiers.MSComputerVision", "Services\Classifiers\OLAF.Services.Classifiers.MSComputerVision\OLAF.Services.Classifiers.MSComputerVision.csproj", "{040FCE51-AA78-40B9-9639-9B8C7F469827}"
EndProject
Project("{FAE04EC0-301F-11D3-BF4B-00C04F79EFBC}") = "OLAF.Services.Classifiers.AccordNet", "Services\Classifiers\OLAF.Services.Classifiers.AccordNet\OLAF.Services.Classifiers.AccordNet.csproj", "{042B15EC-2936-4502-8B11-535BB1721516}"
EndProject
Project("{FAE04EC0-301F-11D3-BF4B-00C04F79EFBC}") = "OLAF.Services.Classifiers.VaderSharp", "Services\Classifiers\OLAF.Services.Classifiers.VaderSharp\OLAF.Services.Classifiers.VaderSharp.csproj", "{E38399B0-02B8-4C54-AFD0-C50CEFFE9EF8}"
EndProject
Project("{FAE04EC0-301F-11D3-BF4B-00C04F79EFBC}") = "OLAF.Services.Classifiers.MSTextAnalytics", "Services\Classifiers\OLAF.Services.Classifiers.MSTextAnalytics\OLAF.Services.Classifiers.MSTextAnalytics.csproj", "{BBA65C07-B63B-4BC5-897B-7E4D79C0441C}"
EndProject
Project("{FAE04EC0-301F-11D3-BF4B-00C04F79EFBC}") = "OLAF.Services.Extractors.FileImages", "Services\Extractors\OLAF.Services.Extractors.Images\OLAF.Services.Extractors.FileImages.csproj", "{28BA3392-F4C4-4E51-810F-5D456843FD3A}"
EndProject
Project("{FAE04EC0-301F-11D3-BF4B-00C04F79EFBC}") = "OLAF.Services.Extractors.TesseractOCR", "Services\Extractors\OLAF.Services.Extractors.TesseractOCR\OLAF.Services.Extractors.TesseractOCR.csproj", "{914DD06F-C2EA-49C6-B9D4-0399BFC3FC1C}"
EndProject
Project("{FAE04EC0-301F-11D3-BF4B-00C04F79EFBC}") = "OLAF.Profiles.Core", "Profiles\OLAF.Profiles.Core\OLAF.Profiles.Core.csproj", "{8186BC60-7CC7-4FCD-8C2F-6EB7B92E955F}"
EndProject
Project("{FAE04EC0-301F-11D3-BF4B-00C04F79EFBC}") = "OLAF.Pipelines.Core", "Pipelines\OLAF.Pipelines.Core\OLAF.Pipelines.Core.csproj", "{7A00A2F0-D9DA-49F4-B361-8741586E6127}"
EndProject
Project("{2150E333-8FDC-42A3-9474-1A3956D46DE8}") = "ActivityDetectors", "ActivityDetectors", "{D5613E65-04C8-40E1-8A61-E531895E0B00}"
EndProject
Project("{2150E333-8FDC-42A3-9474-1A3956D46DE8}") = "Interfaces", "Interfaces", "{06C5F404-B60C-488C-BCDD-7AE145E28E5F}"
EndProject
Project("{2150E333-8FDC-42A3-9474-1A3956D46DE8}") = "Loggers", "Loggers", "{D6D3BF19-4E46-4BE1-802E-2B0D3FFE4F83}"
EndProject
Project("{2150E333-8FDC-42A3-9474-1A3956D46DE8}") = "Monitors", "Monitors", "{E0CF0C19-3462-42A6-98FE-21330428CBC2}"
EndProject
Project("{2150E333-8FDC-42A3-9474-1A3956D46DE8}") = "Profiles", "Profiles", "{A8A3B83B-BD00-43E1-8176-850B6F31D0E8}"
EndProject
Project("{2150E333-8FDC-42A3-9474-1A3956D46DE8}") = "Services", "Services", "{6CC3CDC1-0950-47BF-8AE8-02EEA465AEBE}"
EndProject
Project("{2150E333-8FDC-42A3-9474-1A3956D46DE8}") = "Classifiers", "Classifiers", "{4FA0FC5B-9828-454F-ABE7-E9DC9BABD585}"
EndProject
Project("{2150E333-8FDC-42A3-9474-1A3956D46DE8}") = "Storage", "Storage", "{8211B459-7538-4DB3-A97D-E514D3CD4CD2}"
EndProject
Project("{2150E333-8FDC-42A3-9474-1A3956D46DE8}") = "Pipelines", "Pipelines", "{521E6AA1-6936-4234-B316-3B76C077662C}"
EndProject
Project("{2150E333-8FDC-42A3-9474-1A3956D46DE8}") = "Extractors", "Extractors", "{8B1DAEC3-7AD1-4244-85C4-BBDDFF8E75FD}"
EndProject
Project("{2150E333-8FDC-42A3-9474-1A3956D46DE8}") = "Docs", "Docs", "{8B93A94A-A06D-4EE6-A744-33FA6D49A055}"
	ProjectSection(SolutionItems) = preProject
		NOTES.txt = NOTES.txt
	EndProjectSection
EndProject
Project("{2150E333-8FDC-42A3-9474-1A3956D46DE8}") = "Scripts", "Scripts", "{C2184250-1F1F-4C46-9A62-E6E122278AF1}"
	ProjectSection(SolutionItems) = preProject
		..\olafd.cmd = ..\olafd.cmd
	EndProjectSection
EndProject
Global
	GlobalSection(SolutionConfigurationPlatforms) = preSolution
		Debug|Any CPU = Debug|Any CPU
		Debug|x64 = Debug|x64
		Debug|x86 = Debug|x86
		Release|Any CPU = Release|Any CPU
		Release|x64 = Release|x64
		Release|x86 = Release|x86
	EndGlobalSection
	GlobalSection(ProjectConfigurationPlatforms) = postSolution
		{8D448B26-D206-48C8-B17F-A31133C25665}.Debug|Any CPU.ActiveCfg = Debug|Any CPU
		{8D448B26-D206-48C8-B17F-A31133C25665}.Debug|Any CPU.Build.0 = Debug|Any CPU
		{8D448B26-D206-48C8-B17F-A31133C25665}.Debug|x64.ActiveCfg = Debug|x64
		{8D448B26-D206-48C8-B17F-A31133C25665}.Debug|x64.Build.0 = Debug|x64
		{8D448B26-D206-48C8-B17F-A31133C25665}.Debug|x86.ActiveCfg = Debug|x86
		{8D448B26-D206-48C8-B17F-A31133C25665}.Debug|x86.Build.0 = Debug|x86
		{8D448B26-D206-48C8-B17F-A31133C25665}.Release|Any CPU.ActiveCfg = Release|Any CPU
		{8D448B26-D206-48C8-B17F-A31133C25665}.Release|Any CPU.Build.0 = Release|Any CPU
		{8D448B26-D206-48C8-B17F-A31133C25665}.Release|x64.ActiveCfg = Release|x64
		{8D448B26-D206-48C8-B17F-A31133C25665}.Release|x64.Build.0 = Release|x64
		{8D448B26-D206-48C8-B17F-A31133C25665}.Release|x86.ActiveCfg = Release|x86
		{8D448B26-D206-48C8-B17F-A31133C25665}.Release|x86.Build.0 = Release|x86
		{81A43067-E9CF-4CAB-BB84-13AC75D85240}.Debug|Any CPU.ActiveCfg = Debug|Any CPU
		{81A43067-E9CF-4CAB-BB84-13AC75D85240}.Debug|Any CPU.Build.0 = Debug|Any CPU
		{81A43067-E9CF-4CAB-BB84-13AC75D85240}.Debug|x64.ActiveCfg = Debug|x64
		{81A43067-E9CF-4CAB-BB84-13AC75D85240}.Debug|x64.Build.0 = Debug|x64
		{81A43067-E9CF-4CAB-BB84-13AC75D85240}.Debug|x86.ActiveCfg = Debug|x86
		{81A43067-E9CF-4CAB-BB84-13AC75D85240}.Debug|x86.Build.0 = Debug|x86
		{81A43067-E9CF-4CAB-BB84-13AC75D85240}.Release|Any CPU.ActiveCfg = Release|Any CPU
		{81A43067-E9CF-4CAB-BB84-13AC75D85240}.Release|Any CPU.Build.0 = Release|Any CPU
		{81A43067-E9CF-4CAB-BB84-13AC75D85240}.Release|x64.ActiveCfg = Release|x64
		{81A43067-E9CF-4CAB-BB84-13AC75D85240}.Release|x64.Build.0 = Release|x64
		{81A43067-E9CF-4CAB-BB84-13AC75D85240}.Release|x86.ActiveCfg = Release|x86
		{81A43067-E9CF-4CAB-BB84-13AC75D85240}.Release|x86.Build.0 = Release|x86
		{8C8EF527-DC14-48CE-9423-4CD3665A3DE8}.Debug|Any CPU.ActiveCfg = Debug|Any CPU
		{8C8EF527-DC14-48CE-9423-4CD3665A3DE8}.Debug|Any CPU.Build.0 = Debug|Any CPU
		{8C8EF527-DC14-48CE-9423-4CD3665A3DE8}.Debug|x64.ActiveCfg = Debug|x64
		{8C8EF527-DC14-48CE-9423-4CD3665A3DE8}.Debug|x64.Build.0 = Debug|x64
		{8C8EF527-DC14-48CE-9423-4CD3665A3DE8}.Debug|x86.ActiveCfg = Debug|x86
		{8C8EF527-DC14-48CE-9423-4CD3665A3DE8}.Debug|x86.Build.0 = Debug|x86
		{8C8EF527-DC14-48CE-9423-4CD3665A3DE8}.Release|Any CPU.ActiveCfg = Release|Any CPU
		{8C8EF527-DC14-48CE-9423-4CD3665A3DE8}.Release|Any CPU.Build.0 = Release|Any CPU
		{8C8EF527-DC14-48CE-9423-4CD3665A3DE8}.Release|x64.ActiveCfg = Release|x64
		{8C8EF527-DC14-48CE-9423-4CD3665A3DE8}.Release|x64.Build.0 = Release|x64
		{8C8EF527-DC14-48CE-9423-4CD3665A3DE8}.Release|x86.ActiveCfg = Release|x86
		{8C8EF527-DC14-48CE-9423-4CD3665A3DE8}.Release|x86.Build.0 = Release|x86
		{43D2571F-D4A3-4D24-BAD7-5B7DA42B6293}.Debug|Any CPU.ActiveCfg = Debug|Any CPU
		{43D2571F-D4A3-4D24-BAD7-5B7DA42B6293}.Debug|Any CPU.Build.0 = Debug|Any CPU
		{43D2571F-D4A3-4D24-BAD7-5B7DA42B6293}.Debug|x64.ActiveCfg = Debug|x64
		{43D2571F-D4A3-4D24-BAD7-5B7DA42B6293}.Debug|x64.Build.0 = Debug|x64
		{43D2571F-D4A3-4D24-BAD7-5B7DA42B6293}.Debug|x86.ActiveCfg = Debug|x86
		{43D2571F-D4A3-4D24-BAD7-5B7DA42B6293}.Debug|x86.Build.0 = Debug|x86
		{43D2571F-D4A3-4D24-BAD7-5B7DA42B6293}.Release|Any CPU.ActiveCfg = Release|Any CPU
		{43D2571F-D4A3-4D24-BAD7-5B7DA42B6293}.Release|Any CPU.Build.0 = Release|Any CPU
		{43D2571F-D4A3-4D24-BAD7-5B7DA42B6293}.Release|x64.ActiveCfg = Release|x64
		{43D2571F-D4A3-4D24-BAD7-5B7DA42B6293}.Release|x64.Build.0 = Release|x64
		{43D2571F-D4A3-4D24-BAD7-5B7DA42B6293}.Release|x86.ActiveCfg = Release|x86
		{43D2571F-D4A3-4D24-BAD7-5B7DA42B6293}.Release|x86.Build.0 = Release|x86
		{7AA345D8-730F-4DD2-BA79-D63EFE3131CD}.Debug|Any CPU.ActiveCfg = Debug|Any CPU
		{7AA345D8-730F-4DD2-BA79-D63EFE3131CD}.Debug|Any CPU.Build.0 = Debug|Any CPU
		{7AA345D8-730F-4DD2-BA79-D63EFE3131CD}.Debug|x64.ActiveCfg = Debug|x64
		{7AA345D8-730F-4DD2-BA79-D63EFE3131CD}.Debug|x64.Build.0 = Debug|x64
		{7AA345D8-730F-4DD2-BA79-D63EFE3131CD}.Debug|x86.ActiveCfg = Debug|Any CPU
		{7AA345D8-730F-4DD2-BA79-D63EFE3131CD}.Debug|x86.Build.0 = Debug|Any CPU
		{7AA345D8-730F-4DD2-BA79-D63EFE3131CD}.Release|Any CPU.ActiveCfg = Release|Any CPU
		{7AA345D8-730F-4DD2-BA79-D63EFE3131CD}.Release|Any CPU.Build.0 = Release|Any CPU
		{7AA345D8-730F-4DD2-BA79-D63EFE3131CD}.Release|x64.ActiveCfg = Release|Any CPU
		{7AA345D8-730F-4DD2-BA79-D63EFE3131CD}.Release|x64.Build.0 = Release|Any CPU
		{7AA345D8-730F-4DD2-BA79-D63EFE3131CD}.Release|x86.ActiveCfg = Release|Any CPU
		{7AA345D8-730F-4DD2-BA79-D63EFE3131CD}.Release|x86.Build.0 = Release|Any CPU
		{F623FD8C-A3F4-4999-86E2-57288F20E7B9}.Debug|Any CPU.ActiveCfg = Debug|Any CPU
		{F623FD8C-A3F4-4999-86E2-57288F20E7B9}.Debug|Any CPU.Build.0 = Debug|Any CPU
		{F623FD8C-A3F4-4999-86E2-57288F20E7B9}.Debug|x64.ActiveCfg = Debug|x64
		{F623FD8C-A3F4-4999-86E2-57288F20E7B9}.Debug|x64.Build.0 = Debug|x64
		{F623FD8C-A3F4-4999-86E2-57288F20E7B9}.Debug|x86.ActiveCfg = Debug|x86
		{F623FD8C-A3F4-4999-86E2-57288F20E7B9}.Debug|x86.Build.0 = Debug|x86
		{F623FD8C-A3F4-4999-86E2-57288F20E7B9}.Release|Any CPU.ActiveCfg = Release|Any CPU
		{F623FD8C-A3F4-4999-86E2-57288F20E7B9}.Release|Any CPU.Build.0 = Release|Any CPU
		{F623FD8C-A3F4-4999-86E2-57288F20E7B9}.Release|x64.ActiveCfg = Release|x64
		{F623FD8C-A3F4-4999-86E2-57288F20E7B9}.Release|x64.Build.0 = Release|x64
		{F623FD8C-A3F4-4999-86E2-57288F20E7B9}.Release|x86.ActiveCfg = Release|x86
		{F623FD8C-A3F4-4999-86E2-57288F20E7B9}.Release|x86.Build.0 = Release|x86
		{A9208B2C-532A-4C40-925D-4EFCEA272E07}.Debug|Any CPU.ActiveCfg = Debug|Any CPU
		{A9208B2C-532A-4C40-925D-4EFCEA272E07}.Debug|Any CPU.Build.0 = Debug|Any CPU
		{A9208B2C-532A-4C40-925D-4EFCEA272E07}.Debug|x64.ActiveCfg = Debug|x64
		{A9208B2C-532A-4C40-925D-4EFCEA272E07}.Debug|x64.Build.0 = Debug|x64
		{A9208B2C-532A-4C40-925D-4EFCEA272E07}.Debug|x86.ActiveCfg = Debug|Any CPU
		{A9208B2C-532A-4C40-925D-4EFCEA272E07}.Debug|x86.Build.0 = Debug|Any CPU
		{A9208B2C-532A-4C40-925D-4EFCEA272E07}.Release|Any CPU.ActiveCfg = Release|Any CPU
		{A9208B2C-532A-4C40-925D-4EFCEA272E07}.Release|Any CPU.Build.0 = Release|Any CPU
		{A9208B2C-532A-4C40-925D-4EFCEA272E07}.Release|x64.ActiveCfg = Release|Any CPU
		{A9208B2C-532A-4C40-925D-4EFCEA272E07}.Release|x64.Build.0 = Release|Any CPU
		{A9208B2C-532A-4C40-925D-4EFCEA272E07}.Release|x86.ActiveCfg = Release|Any CPU
		{A9208B2C-532A-4C40-925D-4EFCEA272E07}.Release|x86.Build.0 = Release|Any CPU
		{1539ECC4-464C-4B5C-86DC-1039EF4F9547}.Debug|Any CPU.ActiveCfg = Debug|Any CPU
		{1539ECC4-464C-4B5C-86DC-1039EF4F9547}.Debug|Any CPU.Build.0 = Debug|Any CPU
		{1539ECC4-464C-4B5C-86DC-1039EF4F9547}.Debug|x64.ActiveCfg = Debug|x64
		{1539ECC4-464C-4B5C-86DC-1039EF4F9547}.Debug|x64.Build.0 = Debug|x64
		{1539ECC4-464C-4B5C-86DC-1039EF4F9547}.Debug|x86.ActiveCfg = Debug|x86
		{1539ECC4-464C-4B5C-86DC-1039EF4F9547}.Debug|x86.Build.0 = Debug|x86
		{1539ECC4-464C-4B5C-86DC-1039EF4F9547}.Release|Any CPU.ActiveCfg = Release|Any CPU
		{1539ECC4-464C-4B5C-86DC-1039EF4F9547}.Release|Any CPU.Build.0 = Release|Any CPU
		{1539ECC4-464C-4B5C-86DC-1039EF4F9547}.Release|x64.ActiveCfg = Release|x64
		{1539ECC4-464C-4B5C-86DC-1039EF4F9547}.Release|x64.Build.0 = Release|x64
		{1539ECC4-464C-4B5C-86DC-1039EF4F9547}.Release|x86.ActiveCfg = Release|x86
		{1539ECC4-464C-4B5C-86DC-1039EF4F9547}.Release|x86.Build.0 = Release|x86
		{DBA4C2FE-6C57-4C11-8446-591DA0A594EB}.Debug|Any CPU.ActiveCfg = Debug|Any CPU
		{DBA4C2FE-6C57-4C11-8446-591DA0A594EB}.Debug|Any CPU.Build.0 = Debug|Any CPU
		{DBA4C2FE-6C57-4C11-8446-591DA0A594EB}.Debug|x64.ActiveCfg = Debug|x64
		{DBA4C2FE-6C57-4C11-8446-591DA0A594EB}.Debug|x64.Build.0 = Debug|x64
		{DBA4C2FE-6C57-4C11-8446-591DA0A594EB}.Debug|x86.ActiveCfg = Debug|x86
		{DBA4C2FE-6C57-4C11-8446-591DA0A594EB}.Debug|x86.Build.0 = Debug|x86
		{DBA4C2FE-6C57-4C11-8446-591DA0A594EB}.Release|Any CPU.ActiveCfg = Release|Any CPU
		{DBA4C2FE-6C57-4C11-8446-591DA0A594EB}.Release|Any CPU.Build.0 = Release|Any CPU
		{DBA4C2FE-6C57-4C11-8446-591DA0A594EB}.Release|x64.ActiveCfg = Release|x64
		{DBA4C2FE-6C57-4C11-8446-591DA0A594EB}.Release|x64.Build.0 = Release|x64
		{DBA4C2FE-6C57-4C11-8446-591DA0A594EB}.Release|x86.ActiveCfg = Release|x86
		{DBA4C2FE-6C57-4C11-8446-591DA0A594EB}.Release|x86.Build.0 = Release|x86
		{18FF34D6-91E0-48CA-BA91-156D90825444}.Debug|Any CPU.ActiveCfg = Debug|Any CPU
		{18FF34D6-91E0-48CA-BA91-156D90825444}.Debug|Any CPU.Build.0 = Debug|Any CPU
		{18FF34D6-91E0-48CA-BA91-156D90825444}.Debug|x64.ActiveCfg = Debug|x64
		{18FF34D6-91E0-48CA-BA91-156D90825444}.Debug|x64.Build.0 = Debug|x64
		{18FF34D6-91E0-48CA-BA91-156D90825444}.Debug|x86.ActiveCfg = Debug|Any CPU
		{18FF34D6-91E0-48CA-BA91-156D90825444}.Debug|x86.Build.0 = Debug|Any CPU
		{18FF34D6-91E0-48CA-BA91-156D90825444}.Release|Any CPU.ActiveCfg = Release|Any CPU
		{18FF34D6-91E0-48CA-BA91-156D90825444}.Release|Any CPU.Build.0 = Release|Any CPU
		{18FF34D6-91E0-48CA-BA91-156D90825444}.Release|x64.ActiveCfg = Release|Any CPU
		{18FF34D6-91E0-48CA-BA91-156D90825444}.Release|x64.Build.0 = Release|Any CPU
		{18FF34D6-91E0-48CA-BA91-156D90825444}.Release|x86.ActiveCfg = Release|Any CPU
		{18FF34D6-91E0-48CA-BA91-156D90825444}.Release|x86.Build.0 = Release|Any CPU
		{040FCE51-AA78-40B9-9639-9B8C7F469827}.Debug|Any CPU.ActiveCfg = Debug|Any CPU
		{040FCE51-AA78-40B9-9639-9B8C7F469827}.Debug|Any CPU.Build.0 = Debug|Any CPU
		{040FCE51-AA78-40B9-9639-9B8C7F469827}.Debug|x64.ActiveCfg = Debug|x64
		{040FCE51-AA78-40B9-9639-9B8C7F469827}.Debug|x64.Build.0 = Debug|x64
		{040FCE51-AA78-40B9-9639-9B8C7F469827}.Debug|x86.ActiveCfg = Debug|Any CPU
		{040FCE51-AA78-40B9-9639-9B8C7F469827}.Debug|x86.Build.0 = Debug|Any CPU
		{040FCE51-AA78-40B9-9639-9B8C7F469827}.Release|Any CPU.ActiveCfg = Release|Any CPU
		{040FCE51-AA78-40B9-9639-9B8C7F469827}.Release|Any CPU.Build.0 = Release|Any CPU
		{040FCE51-AA78-40B9-9639-9B8C7F469827}.Release|x64.ActiveCfg = Release|Any CPU
		{040FCE51-AA78-40B9-9639-9B8C7F469827}.Release|x64.Build.0 = Release|Any CPU
		{040FCE51-AA78-40B9-9639-9B8C7F469827}.Release|x86.ActiveCfg = Release|Any CPU
		{040FCE51-AA78-40B9-9639-9B8C7F469827}.Release|x86.Build.0 = Release|Any CPU
		{042B15EC-2936-4502-8B11-535BB1721516}.Debug|Any CPU.ActiveCfg = Debug|Any CPU
		{042B15EC-2936-4502-8B11-535BB1721516}.Debug|Any CPU.Build.0 = Debug|Any CPU
		{042B15EC-2936-4502-8B11-535BB1721516}.Debug|x64.ActiveCfg = Debug|x64
		{042B15EC-2936-4502-8B11-535BB1721516}.Debug|x64.Build.0 = Debug|x64
		{042B15EC-2936-4502-8B11-535BB1721516}.Debug|x86.ActiveCfg = Debug|Any CPU
		{042B15EC-2936-4502-8B11-535BB1721516}.Debug|x86.Build.0 = Debug|Any CPU
		{042B15EC-2936-4502-8B11-535BB1721516}.Release|Any CPU.ActiveCfg = Release|Any CPU
		{042B15EC-2936-4502-8B11-535BB1721516}.Release|Any CPU.Build.0 = Release|Any CPU
		{042B15EC-2936-4502-8B11-535BB1721516}.Release|x64.ActiveCfg = Release|Any CPU
		{042B15EC-2936-4502-8B11-535BB1721516}.Release|x64.Build.0 = Release|Any CPU
		{042B15EC-2936-4502-8B11-535BB1721516}.Release|x86.ActiveCfg = Release|Any CPU
		{042B15EC-2936-4502-8B11-535BB1721516}.Release|x86.Build.0 = Release|Any CPU
		{E38399B0-02B8-4C54-AFD0-C50CEFFE9EF8}.Debug|Any CPU.ActiveCfg = Debug|Any CPU
		{E38399B0-02B8-4C54-AFD0-C50CEFFE9EF8}.Debug|Any CPU.Build.0 = Debug|Any CPU
		{E38399B0-02B8-4C54-AFD0-C50CEFFE9EF8}.Debug|x64.ActiveCfg = Debug|x64
		{E38399B0-02B8-4C54-AFD0-C50CEFFE9EF8}.Debug|x64.Build.0 = Debug|x64
		{E38399B0-02B8-4C54-AFD0-C50CEFFE9EF8}.Debug|x86.ActiveCfg = Debug|Any CPU
		{E38399B0-02B8-4C54-AFD0-C50CEFFE9EF8}.Debug|x86.Build.0 = Debug|Any CPU
		{E38399B0-02B8-4C54-AFD0-C50CEFFE9EF8}.Release|Any CPU.ActiveCfg = Release|Any CPU
		{E38399B0-02B8-4C54-AFD0-C50CEFFE9EF8}.Release|Any CPU.Build.0 = Release|Any CPU
		{E38399B0-02B8-4C54-AFD0-C50CEFFE9EF8}.Release|x64.ActiveCfg = Release|Any CPU
		{E38399B0-02B8-4C54-AFD0-C50CEFFE9EF8}.Release|x64.Build.0 = Release|Any CPU
		{E38399B0-02B8-4C54-AFD0-C50CEFFE9EF8}.Release|x86.ActiveCfg = Release|Any CPU
		{E38399B0-02B8-4C54-AFD0-C50CEFFE9EF8}.Release|x86.Build.0 = Release|Any CPU
		{BBA65C07-B63B-4BC5-897B-7E4D79C0441C}.Debug|Any CPU.ActiveCfg = Debug|Any CPU
		{BBA65C07-B63B-4BC5-897B-7E4D79C0441C}.Debug|Any CPU.Build.0 = Debug|Any CPU
		{BBA65C07-B63B-4BC5-897B-7E4D79C0441C}.Debug|x64.ActiveCfg = Debug|x64
		{BBA65C07-B63B-4BC5-897B-7E4D79C0441C}.Debug|x64.Build.0 = Debug|x64
		{BBA65C07-B63B-4BC5-897B-7E4D79C0441C}.Debug|x86.ActiveCfg = Debug|Any CPU
		{BBA65C07-B63B-4BC5-897B-7E4D79C0441C}.Debug|x86.Build.0 = Debug|Any CPU
		{BBA65C07-B63B-4BC5-897B-7E4D79C0441C}.Release|Any CPU.ActiveCfg = Release|Any CPU
		{BBA65C07-B63B-4BC5-897B-7E4D79C0441C}.Release|Any CPU.Build.0 = Release|Any CPU
		{BBA65C07-B63B-4BC5-897B-7E4D79C0441C}.Release|x64.ActiveCfg = Release|Any CPU
		{BBA65C07-B63B-4BC5-897B-7E4D79C0441C}.Release|x64.Build.0 = Release|Any CPU
		{BBA65C07-B63B-4BC5-897B-7E4D79C0441C}.Release|x86.ActiveCfg = Release|Any CPU
		{BBA65C07-B63B-4BC5-897B-7E4D79C0441C}.Release|x86.Build.0 = Release|Any CPU
		{28BA3392-F4C4-4E51-810F-5D456843FD3A}.Debug|Any CPU.ActiveCfg = Debug|Any CPU
		{28BA3392-F4C4-4E51-810F-5D456843FD3A}.Debug|Any CPU.Build.0 = Debug|Any CPU
		{28BA3392-F4C4-4E51-810F-5D456843FD3A}.Debug|x64.ActiveCfg = Debug|x64
		{28BA3392-F4C4-4E51-810F-5D456843FD3A}.Debug|x64.Build.0 = Debug|x64
		{28BA3392-F4C4-4E51-810F-5D456843FD3A}.Debug|x86.ActiveCfg = Debug|Any CPU
		{28BA3392-F4C4-4E51-810F-5D456843FD3A}.Debug|x86.Build.0 = Debug|Any CPU
		{28BA3392-F4C4-4E51-810F-5D456843FD3A}.Release|Any CPU.ActiveCfg = Release|Any CPU
		{28BA3392-F4C4-4E51-810F-5D456843FD3A}.Release|Any CPU.Build.0 = Release|Any CPU
		{28BA3392-F4C4-4E51-810F-5D456843FD3A}.Release|x64.ActiveCfg = Release|Any CPU
		{28BA3392-F4C4-4E51-810F-5D456843FD3A}.Release|x64.Build.0 = Release|Any CPU
		{28BA3392-F4C4-4E51-810F-5D456843FD3A}.Release|x86.ActiveCfg = Release|Any CPU
		{28BA3392-F4C4-4E51-810F-5D456843FD3A}.Release|x86.Build.0 = Release|Any CPU
		{914DD06F-C2EA-49C6-B9D4-0399BFC3FC1C}.Debug|Any CPU.ActiveCfg = Debug|Any CPU
		{914DD06F-C2EA-49C6-B9D4-0399BFC3FC1C}.Debug|Any CPU.Build.0 = Debug|Any CPU
		{914DD06F-C2EA-49C6-B9D4-0399BFC3FC1C}.Debug|x64.ActiveCfg = Debug|x64
		{914DD06F-C2EA-49C6-B9D4-0399BFC3FC1C}.Debug|x64.Build.0 = Debug|x64
		{914DD06F-C2EA-49C6-B9D4-0399BFC3FC1C}.Debug|x86.ActiveCfg = Debug|Any CPU
		{914DD06F-C2EA-49C6-B9D4-0399BFC3FC1C}.Debug|x86.Build.0 = Debug|Any CPU
		{914DD06F-C2EA-49C6-B9D4-0399BFC3FC1C}.Release|Any CPU.ActiveCfg = Release|Any CPU
		{914DD06F-C2EA-49C6-B9D4-0399BFC3FC1C}.Release|Any CPU.Build.0 = Release|Any CPU
		{914DD06F-C2EA-49C6-B9D4-0399BFC3FC1C}.Release|x64.ActiveCfg = Release|Any CPU
		{914DD06F-C2EA-49C6-B9D4-0399BFC3FC1C}.Release|x64.Build.0 = Release|Any CPU
		{914DD06F-C2EA-49C6-B9D4-0399BFC3FC1C}.Release|x86.ActiveCfg = Release|Any CPU
		{914DD06F-C2EA-49C6-B9D4-0399BFC3FC1C}.Release|x86.Build.0 = Release|Any CPU
		{8186BC60-7CC7-4FCD-8C2F-6EB7B92E955F}.Debug|Any CPU.ActiveCfg = Debug|Any CPU
		{8186BC60-7CC7-4FCD-8C2F-6EB7B92E955F}.Debug|Any CPU.Build.0 = Debug|Any CPU
		{8186BC60-7CC7-4FCD-8C2F-6EB7B92E955F}.Debug|x64.ActiveCfg = Debug|x64
		{8186BC60-7CC7-4FCD-8C2F-6EB7B92E955F}.Debug|x64.Build.0 = Debug|x64
		{8186BC60-7CC7-4FCD-8C2F-6EB7B92E955F}.Debug|x86.ActiveCfg = Debug|Any CPU
		{8186BC60-7CC7-4FCD-8C2F-6EB7B92E955F}.Debug|x86.Build.0 = Debug|Any CPU
		{8186BC60-7CC7-4FCD-8C2F-6EB7B92E955F}.Release|Any CPU.ActiveCfg = Release|Any CPU
		{8186BC60-7CC7-4FCD-8C2F-6EB7B92E955F}.Release|Any CPU.Build.0 = Release|Any CPU
		{8186BC60-7CC7-4FCD-8C2F-6EB7B92E955F}.Release|x64.ActiveCfg = Release|Any CPU
		{8186BC60-7CC7-4FCD-8C2F-6EB7B92E955F}.Release|x64.Build.0 = Release|Any CPU
		{8186BC60-7CC7-4FCD-8C2F-6EB7B92E955F}.Release|x86.ActiveCfg = Release|Any CPU
		{8186BC60-7CC7-4FCD-8C2F-6EB7B92E955F}.Release|x86.Build.0 = Release|Any CPU
		{7A00A2F0-D9DA-49F4-B361-8741586E6127}.Debug|Any CPU.ActiveCfg = Debug|Any CPU
		{7A00A2F0-D9DA-49F4-B361-8741586E6127}.Debug|Any CPU.Build.0 = Debug|Any CPU
		{7A00A2F0-D9DA-49F4-B361-8741586E6127}.Debug|x64.ActiveCfg = Debug|x64
		{7A00A2F0-D9DA-49F4-B361-8741586E6127}.Debug|x64.Build.0 = Debug|x64
		{7A00A2F0-D9DA-49F4-B361-8741586E6127}.Debug|x86.ActiveCfg = Debug|Any CPU
		{7A00A2F0-D9DA-49F4-B361-8741586E6127}.Debug|x86.Build.0 = Debug|Any CPU
		{7A00A2F0-D9DA-49F4-B361-8741586E6127}.Release|Any CPU.ActiveCfg = Release|Any CPU
		{7A00A2F0-D9DA-49F4-B361-8741586E6127}.Release|Any CPU.Build.0 = Release|Any CPU
		{7A00A2F0-D9DA-49F4-B361-8741586E6127}.Release|x64.ActiveCfg = Release|Any CPU
		{7A00A2F0-D9DA-49F4-B361-8741586E6127}.Release|x64.Build.0 = Release|Any CPU
		{7A00A2F0-D9DA-49F4-B361-8741586E6127}.Release|x86.ActiveCfg = Release|Any CPU
		{7A00A2F0-D9DA-49F4-B361-8741586E6127}.Release|x86.Build.0 = Release|Any CPU
	EndGlobalSection
	GlobalSection(SolutionProperties) = preSolution
		HideSolutionNode = FALSE
	EndGlobalSection
	GlobalSection(NestedProjects) = preSolution
		{81A43067-E9CF-4CAB-BB84-13AC75D85240} = {D6D3BF19-4E46-4BE1-802E-2B0D3FFE4F83}
		{8C8EF527-DC14-48CE-9423-4CD3665A3DE8} = {06C5F404-B60C-488C-BCDD-7AE145E28E5F}
		{43D2571F-D4A3-4D24-BAD7-5B7DA42B6293} = {D5613E65-04C8-40E1-8A61-E531895E0B00}
		{7AA345D8-730F-4DD2-BA79-D63EFE3131CD} = {D5613E65-04C8-40E1-8A61-E531895E0B00}
		{F623FD8C-A3F4-4999-86E2-57288F20E7B9} = {E0CF0C19-3462-42A6-98FE-21330428CBC2}
		{A9208B2C-532A-4C40-925D-4EFCEA272E07} = {D5613E65-04C8-40E1-8A61-E531895E0B00}
		{1539ECC4-464C-4B5C-86DC-1039EF4F9547} = {E0CF0C19-3462-42A6-98FE-21330428CBC2}
		{DBA4C2FE-6C57-4C11-8446-591DA0A594EB} = {E0CF0C19-3462-42A6-98FE-21330428CBC2}
		{18FF34D6-91E0-48CA-BA91-156D90825444} = {8211B459-7538-4DB3-A97D-E514D3CD4CD2}
		{040FCE51-AA78-40B9-9639-9B8C7F469827} = {4FA0FC5B-9828-454F-ABE7-E9DC9BABD585}
		{042B15EC-2936-4502-8B11-535BB1721516} = {4FA0FC5B-9828-454F-ABE7-E9DC9BABD585}
		{E38399B0-02B8-4C54-AFD0-C50CEFFE9EF8} = {4FA0FC5B-9828-454F-ABE7-E9DC9BABD585}
		{BBA65C07-B63B-4BC5-897B-7E4D79C0441C} = {4FA0FC5B-9828-454F-ABE7-E9DC9BABD585}
		{28BA3392-F4C4-4E51-810F-5D456843FD3A} = {8B1DAEC3-7AD1-4244-85C4-BBDDFF8E75FD}
		{914DD06F-C2EA-49C6-B9D4-0399BFC3FC1C} = {8B1DAEC3-7AD1-4244-85C4-BBDDFF8E75FD}
		{8186BC60-7CC7-4FCD-8C2F-6EB7B92E955F} = {A8A3B83B-BD00-43E1-8176-850B6F31D0E8}
		{7A00A2F0-D9DA-49F4-B361-8741586E6127} = {521E6AA1-6936-4234-B316-3B76C077662C}
		{4FA0FC5B-9828-454F-ABE7-E9DC9BABD585} = {6CC3CDC1-0950-47BF-8AE8-02EEA465AEBE}
		{8211B459-7538-4DB3-A97D-E514D3CD4CD2} = {6CC3CDC1-0950-47BF-8AE8-02EEA465AEBE}
		{8B1DAEC3-7AD1-4244-85C4-BBDDFF8E75FD} = {6CC3CDC1-0950-47BF-8AE8-02EEA465AEBE}
	EndGlobalSection
	GlobalSection(ExtensibilityGlobals) = postSolution
		SolutionGuid = {6AF7C0FB-8348-44E7-A1BF-AB0846441F39}
	EndGlobalSection
EndGlobal
